
Microsoft Visual Studio Solution File, Format Version 12.00
# Visual Studio Version 17
VisualStudioVersion = 17.0.32014.148
MinimumVisualStudioVersion = 10.0.40219.1
Project("{FAE04EC0-301F-11D3-BF4B-00C04F79EFBC}") = "mprExportToExcel", "mprExportToExcel\mprExportToExcel.csproj", "{3388EE6A-2834-411F-94D2-A189336FAC72}"
EndProject
Global
	GlobalSection(SolutionConfigurationPlatforms) = preSolution
		Debug|Any CPU = Debug|Any CPU
		Release|Any CPU = Release|Any CPU
	EndGlobalSection
	GlobalSection(ProjectConfigurationPlatforms) = postSolution
		{3388EE6A-2834-411F-94D2-A189336FAC72}.Debug|Any CPU.ActiveCfg = Debug|Any CPU
		{3388EE6A-2834-411F-94D2-A189336FAC72}.Debug|Any CPU.Build.0 = Debug|Any CPU
		{3388EE6A-2834-411F-94D2-A189336FAC72}.Release|Any CPU.ActiveCfg = Release|Any CPU
		{3388EE6A-2834-411F-94D2-A189336FAC72}.Release|Any CPU.Build.0 = Release|Any CPU
	EndGlobalSection
	GlobalSection(SolutionProperties) = preSolution
		HideSolutionNode = FALSE
	EndGlobalSection
	GlobalSection(ExtensibilityGlobals) = postSolution
		SolutionGuid = {7F176861-274D-40A3-8619-98000ED507C7}
	EndGlobalSection
EndGlobal
