
Microsoft Visual Studio Solution File, Format Version 12.00
# Visual Studio Version 17
VisualStudioVersion = 17.0.32014.148
MinimumVisualStudioVersion = 10.0.40219.1
Project("{9A19103F-16F7-4668-BE54-9A1E7A4F7556}") = "mprExportToExcel", "mprExportToExcel\mprExportToExcel.csproj", "{3388EE6A-2834-411F-94D2-A189336FAC72}"
EndProject
Project("{9A19103F-16F7-4668-BE54-9A1E7A4F7556}") = "_build", "build\_build.csproj", "{DBA53D8D-0EB3-4B48-8C54-5C2B4CDFB074}"
EndProject
Global
	GlobalSection(SolutionConfigurationPlatforms) = preSolution
		Debug|x64 = Debug|x64
		R2017|x64 = R2017|x64
		R2018|x64 = R2018|x64
		R2019|x64 = R2019|x64
		R2020|x64 = R2020|x64
		R2021|x64 = R2021|x64
		R2022|x64 = R2022|x64
		R2023|x64 = R2023|x64
	EndGlobalSection
	GlobalSection(ProjectConfigurationPlatforms) = postSolution
		{3388EE6A-2834-411F-94D2-A189336FAC72}.Debug|x64.ActiveCfg = Debug|x64
		{3388EE6A-2834-411F-94D2-A189336FAC72}.Debug|x64.Build.0 = Debug|x64
		{3388EE6A-2834-411F-94D2-A189336FAC72}.R2017|x64.ActiveCfg = R2017|x64
		{3388EE6A-2834-411F-94D2-A189336FAC72}.R2017|x64.Build.0 = R2017|x64
		{3388EE6A-2834-411F-94D2-A189336FAC72}.R2018|x64.ActiveCfg = R2018|x64
		{3388EE6A-2834-411F-94D2-A189336FAC72}.R2018|x64.Build.0 = R2018|x64
		{3388EE6A-2834-411F-94D2-A189336FAC72}.R2019|x64.ActiveCfg = R2019|x64
		{3388EE6A-2834-411F-94D2-A189336FAC72}.R2019|x64.Build.0 = R2019|x64
		{3388EE6A-2834-411F-94D2-A189336FAC72}.R2020|x64.ActiveCfg = R2020|x64
		{3388EE6A-2834-411F-94D2-A189336FAC72}.R2020|x64.Build.0 = R2020|x64
		{3388EE6A-2834-411F-94D2-A189336FAC72}.R2021|x64.ActiveCfg = R2021|x64
		{3388EE6A-2834-411F-94D2-A189336FAC72}.R2021|x64.Build.0 = R2021|x64
		{3388EE6A-2834-411F-94D2-A189336FAC72}.R2022|x64.ActiveCfg = R2022|x64
		{3388EE6A-2834-411F-94D2-A189336FAC72}.R2022|x64.Build.0 = R2022|x64
		{3388EE6A-2834-411F-94D2-A189336FAC72}.R2023|x64.ActiveCfg = R2023|x64
		{3388EE6A-2834-411F-94D2-A189336FAC72}.R2023|x64.Build.0 = R2023|x64
		{DBA53D8D-0EB3-4B48-8C54-5C2B4CDFB074}.Debug|x64.ActiveCfg = Debug|Any CPU
		{DBA53D8D-0EB3-4B48-8C54-5C2B4CDFB074}.Debug|x64.Build.0 = Debug|Any CPU
		{DBA53D8D-0EB3-4B48-8C54-5C2B4CDFB074}.R2017|x64.ActiveCfg = Release|Any CPU
		{DBA53D8D-0EB3-4B48-8C54-5C2B4CDFB074}.R2017|x64.Build.0 = Release|Any CPU
		{DBA53D8D-0EB3-4B48-8C54-5C2B4CDFB074}.R2018|x64.ActiveCfg = Release|Any CPU
		{DBA53D8D-0EB3-4B48-8C54-5C2B4CDFB074}.R2018|x64.Build.0 = Release|Any CPU
		{DBA53D8D-0EB3-4B48-8C54-5C2B4CDFB074}.R2019|x64.ActiveCfg = Release|Any CPU
		{DBA53D8D-0EB3-4B48-8C54-5C2B4CDFB074}.R2019|x64.Build.0 = Release|Any CPU
		{DBA53D8D-0EB3-4B48-8C54-5C2B4CDFB074}.R2020|x64.ActiveCfg = Release|Any CPU
		{DBA53D8D-0EB3-4B48-8C54-5C2B4CDFB074}.R2020|x64.Build.0 = Release|Any CPU
		{DBA53D8D-0EB3-4B48-8C54-5C2B4CDFB074}.R2021|x64.ActiveCfg = Release|Any CPU
		{DBA53D8D-0EB3-4B48-8C54-5C2B4CDFB074}.R2021|x64.Build.0 = Release|Any CPU
		{DBA53D8D-0EB3-4B48-8C54-5C2B4CDFB074}.R2022|x64.ActiveCfg = Release|Any CPU
		{DBA53D8D-0EB3-4B48-8C54-5C2B4CDFB074}.R2022|x64.Build.0 = Release|Any CPU
		{DBA53D8D-0EB3-4B48-8C54-5C2B4CDFB074}.R2023|x64.ActiveCfg = Release|Any CPU
		{DBA53D8D-0EB3-4B48-8C54-5C2B4CDFB074}.R2023|x64.Build.0 = Release|Any CPU
	EndGlobalSection
	GlobalSection(SolutionProperties) = preSolution
		HideSolutionNode = FALSE
	EndGlobalSection
	GlobalSection(ExtensibilityGlobals) = postSolution
		SolutionGuid = {7F176861-274D-40A3-8619-98000ED507C7}
	EndGlobalSection
EndGlobal
